
Microsoft Visual Studio Solution File, Format Version 12.00
Project("{FAE04EC0-301F-11D3-BF4B-00C04F79EFBC}") = "RepoRanger.Api", "RepoRanger.Api\RepoRanger.Api.csproj", "{245D93AF-085E-441D-99C8-C3C2D300ADE0}"
EndProject
Project("{FAE04EC0-301F-11D3-BF4B-00C04F79EFBC}") = "RepoRanger.Infrastructure", "RepoRanger.Infrastructure\RepoRanger.Infrastructure.csproj", "{7DEB0DD2-C88A-44F4-B250-362D3DDDC628}"
EndProject
Project("{FAE04EC0-301F-11D3-BF4B-00C04F79EFBC}") = "RepoRanger.Application", "RepoRanger.Application\RepoRanger.Application.csproj", "{F04CFCDD-2B43-4A0B-9B6D-ED518B2181BF}"
EndProject
Project("{FAE04EC0-301F-11D3-BF4B-00C04F79EFBC}") = "RepoRanger.Domain", "RepoRanger.Domain\RepoRanger.Domain.csproj", "{9EDD502D-F59E-4A7D-8ECB-FCF1B4BC2B08}"
EndProject
Global
	GlobalSection(SolutionConfigurationPlatforms) = preSolution
		Debug|Any CPU = Debug|Any CPU
		Release|Any CPU = Release|Any CPU
	EndGlobalSection
	GlobalSection(ProjectConfigurationPlatforms) = postSolution
		{245D93AF-085E-441D-99C8-C3C2D300ADE0}.Debug|Any CPU.ActiveCfg = Debug|Any CPU
		{245D93AF-085E-441D-99C8-C3C2D300ADE0}.Debug|Any CPU.Build.0 = Debug|Any CPU
		{245D93AF-085E-441D-99C8-C3C2D300ADE0}.Release|Any CPU.ActiveCfg = Release|Any CPU
		{245D93AF-085E-441D-99C8-C3C2D300ADE0}.Release|Any CPU.Build.0 = Release|Any CPU
		{7DEB0DD2-C88A-44F4-B250-362D3DDDC628}.Debug|Any CPU.ActiveCfg = Debug|Any CPU
		{7DEB0DD2-C88A-44F4-B250-362D3DDDC628}.Debug|Any CPU.Build.0 = Debug|Any CPU
		{7DEB0DD2-C88A-44F4-B250-362D3DDDC628}.Release|Any CPU.ActiveCfg = Release|Any CPU
		{7DEB0DD2-C88A-44F4-B250-362D3DDDC628}.Release|Any CPU.Build.0 = Release|Any CPU
		{F04CFCDD-2B43-4A0B-9B6D-ED518B2181BF}.Debug|Any CPU.ActiveCfg = Debug|Any CPU
		{F04CFCDD-2B43-4A0B-9B6D-ED518B2181BF}.Debug|Any CPU.Build.0 = Debug|Any CPU
		{F04CFCDD-2B43-4A0B-9B6D-ED518B2181BF}.Release|Any CPU.ActiveCfg = Release|Any CPU
		{F04CFCDD-2B43-4A0B-9B6D-ED518B2181BF}.Release|Any CPU.Build.0 = Release|Any CPU
		{9EDD502D-F59E-4A7D-8ECB-FCF1B4BC2B08}.Debug|Any CPU.ActiveCfg = Debug|Any CPU
		{9EDD502D-F59E-4A7D-8ECB-FCF1B4BC2B08}.Debug|Any CPU.Build.0 = Debug|Any CPU
		{9EDD502D-F59E-4A7D-8ECB-FCF1B4BC2B08}.Release|Any CPU.ActiveCfg = Release|Any CPU
		{9EDD502D-F59E-4A7D-8ECB-FCF1B4BC2B08}.Release|Any CPU.Build.0 = Release|Any CPU
	EndGlobalSection
EndGlobal
