
Microsoft Visual Studio Solution File, Format Version 12.00
# Visual Studio Version 17
VisualStudioVersion = 17.8.34525.116
MinimumVisualStudioVersion = 10.0.40219.1
Project("{9A19103F-16F7-4668-BE54-9A1E7A4F7556}") = "RepoRanger.Infrastructure", "src\RepoRanger.Infrastructure\RepoRanger.Infrastructure.csproj", "{7DEB0DD2-C88A-44F4-B250-362D3DDDC628}"
EndProject
Project("{9A19103F-16F7-4668-BE54-9A1E7A4F7556}") = "RepoRanger.Application", "src\RepoRanger.Application\RepoRanger.Application.csproj", "{F04CFCDD-2B43-4A0B-9B6D-ED518B2181BF}"
EndProject
Project("{9A19103F-16F7-4668-BE54-9A1E7A4F7556}") = "RepoRanger.Domain", "src\RepoRanger.Domain\RepoRanger.Domain.csproj", "{9EDD502D-F59E-4A7D-8ECB-FCF1B4BC2B08}"
EndProject
Project("{9A19103F-16F7-4668-BE54-9A1E7A4F7556}") = "RepoRanger.Persistence", "src\RepoRanger.Persistence\RepoRanger.Persistence.csproj", "{7F43B6F7-08A1-45D2-B733-796833F12230}"
EndProject
Project("{2150E333-8FDC-42A3-9474-1A3956D46DE8}") = "Infrastructure", "Infrastructure", "{FCD76C69-4602-4A53-ADD2-D0E82D0F345F}"
EndProject
Project("{2150E333-8FDC-42A3-9474-1A3956D46DE8}") = "Core", "Core", "{B275B8E9-FB6D-4CA9-8DB5-E00509C04DA1}"
EndProject
Project("{FAE04EC0-301F-11D3-BF4B-00C04F79EFBC}") = "RepoRanger.Api", "src\RepoRanger.Api\RepoRanger.Api.csproj", "{26415894-B262-4DF7-B269-09C064FFC6FF}"
EndProject
Global
	GlobalSection(SolutionConfigurationPlatforms) = preSolution
		Debug|Any CPU = Debug|Any CPU
		Release|Any CPU = Release|Any CPU
	EndGlobalSection
	GlobalSection(ProjectConfigurationPlatforms) = postSolution
		{7DEB0DD2-C88A-44F4-B250-362D3DDDC628}.Debug|Any CPU.ActiveCfg = Debug|Any CPU
		{7DEB0DD2-C88A-44F4-B250-362D3DDDC628}.Debug|Any CPU.Build.0 = Debug|Any CPU
		{7DEB0DD2-C88A-44F4-B250-362D3DDDC628}.Release|Any CPU.ActiveCfg = Release|Any CPU
		{7DEB0DD2-C88A-44F4-B250-362D3DDDC628}.Release|Any CPU.Build.0 = Release|Any CPU
		{F04CFCDD-2B43-4A0B-9B6D-ED518B2181BF}.Debug|Any CPU.ActiveCfg = Debug|Any CPU
		{F04CFCDD-2B43-4A0B-9B6D-ED518B2181BF}.Debug|Any CPU.Build.0 = Debug|Any CPU
		{F04CFCDD-2B43-4A0B-9B6D-ED518B2181BF}.Release|Any CPU.ActiveCfg = Release|Any CPU
		{F04CFCDD-2B43-4A0B-9B6D-ED518B2181BF}.Release|Any CPU.Build.0 = Release|Any CPU
		{9EDD502D-F59E-4A7D-8ECB-FCF1B4BC2B08}.Debug|Any CPU.ActiveCfg = Debug|Any CPU
		{9EDD502D-F59E-4A7D-8ECB-FCF1B4BC2B08}.Debug|Any CPU.Build.0 = Debug|Any CPU
		{9EDD502D-F59E-4A7D-8ECB-FCF1B4BC2B08}.Release|Any CPU.ActiveCfg = Release|Any CPU
		{9EDD502D-F59E-4A7D-8ECB-FCF1B4BC2B08}.Release|Any CPU.Build.0 = Release|Any CPU
		{7F43B6F7-08A1-45D2-B733-796833F12230}.Debug|Any CPU.ActiveCfg = Debug|Any CPU
		{7F43B6F7-08A1-45D2-B733-796833F12230}.Debug|Any CPU.Build.0 = Debug|Any CPU
		{7F43B6F7-08A1-45D2-B733-796833F12230}.Release|Any CPU.ActiveCfg = Release|Any CPU
		{7F43B6F7-08A1-45D2-B733-796833F12230}.Release|Any CPU.Build.0 = Release|Any CPU
		{26415894-B262-4DF7-B269-09C064FFC6FF}.Debug|Any CPU.ActiveCfg = Debug|Any CPU
		{26415894-B262-4DF7-B269-09C064FFC6FF}.Debug|Any CPU.Build.0 = Debug|Any CPU
		{26415894-B262-4DF7-B269-09C064FFC6FF}.Release|Any CPU.ActiveCfg = Release|Any CPU
		{26415894-B262-4DF7-B269-09C064FFC6FF}.Release|Any CPU.Build.0 = Release|Any CPU
	EndGlobalSection
	GlobalSection(SolutionProperties) = preSolution
		HideSolutionNode = FALSE
	EndGlobalSection
	GlobalSection(NestedProjects) = preSolution
		{7DEB0DD2-C88A-44F4-B250-362D3DDDC628} = {FCD76C69-4602-4A53-ADD2-D0E82D0F345F}
		{F04CFCDD-2B43-4A0B-9B6D-ED518B2181BF} = {B275B8E9-FB6D-4CA9-8DB5-E00509C04DA1}
		{9EDD502D-F59E-4A7D-8ECB-FCF1B4BC2B08} = {B275B8E9-FB6D-4CA9-8DB5-E00509C04DA1}
		{7F43B6F7-08A1-45D2-B733-796833F12230} = {FCD76C69-4602-4A53-ADD2-D0E82D0F345F}
	EndGlobalSection
	GlobalSection(ExtensibilityGlobals) = postSolution
		SolutionGuid = {F829DB12-3606-4221-8194-EE18B9DCBC43}
	EndGlobalSection
EndGlobal
